# This file is automatically @generated by Cargo.
# It is not intended for manual editing.
version = 4

[[package]]
name = "alpine-core"
version = "0.0.0"

[[package]]
name = "alpine-renderer"
version = "0.0.0"
dependencies = [
 "alpine-core",
 "alpine-scene",
]

[[package]]
name = "alpine-scene"
version = "0.0.0"
dependencies = [
 "alpine-core",
]
